{
  "name": "workspace",
  "version": "0.0.0",
  "lockfileVersion": 3,
  "requires": true,
  "packages": {
    "": {
      "name": "workspace",
      "version": "0.0.0",
      "license": "MIT",
      "workspaces": [
        "artifacts/*",
        "lib/*",
        "lib/integrations/*",
        "scripts"
      ],
      "devDependencies": {
        "prettier": "^3.8.1",
        "typescript": "~5.9.2"
      },
      "engines": {
        "node": "24.x"
      }
    },
    "artifacts/api-server": {
      "name": "@workspace/api-server",
      "version": "0.0.0",
      "extraneous": true,
      "dependencies": {
        "@workspace/api-zod": "*",
        "@workspace/db": "*",
        "cookie-parser": "^1.4.7",
        "cors": "^2",
        "drizzle-orm": "^0.45.2",
        "express": "^5",
        "pino": "^9",
        "pino-http": "^10"
      },
      "devDependencies": {
        "@types/cookie-parser": "^1.4.10",
        "@types/cors": "^2.8.19",
        "@types/express": "^5.0.6",
        "@types/node": "^25.3.3",
        "esbuild": "^0.27.3",
        "esbuild-plugin-pino": "^2.3.3",
        "pino-pretty": "^13",
        "thread-stream": "3.1.0"
      }
    },
    "artifacts/mockup-sandbox": {
      "name": "@workspace/mockup-sandbox",
      "version": "2.0.0",
      "devDependencies": {
        "@hookform/resolvers": "^3.10.0",
        "@radix-ui/react-accordion": "^1.2.12",
        "@radix-ui/react-alert-dialog": "^1.1.15",
        "@radix-ui/react-aspect-ratio": "^1.1.8",
        "@radix-ui/react-avatar": "^1.1.11",
        "@radix-ui/react-checkbox": "^1.3.3",
        "@radix-ui/react-collapsible": "^1.1.12",
        "@radix-ui/react-context-menu": "^2.2.16",
        "@radix-ui/react-dialog": "^1.1.15",
        "@radix-ui/react-dropdown-menu": "^2.1.16",
        "@radix-ui/react-hover-card": "^1.1.15",
        "@radix-ui/react-label": "^2.1.8",
        "@radix-ui/react-menubar": "^1.1.16",
        "@radix-ui/react-navigation-menu": "^1.2.14",
        "@radix-ui/react-popover": "^1.1.15",
        "@radix-ui/react-progress": "^1.1.8",
        "@radix-ui/react-radio-group": "^1.3.8",
        "@radix-ui/react-scroll-area": "^1.2.10",
        "@radix-ui/react-select": "^2.2.6",
        "@radix-ui/react-separator": "^1.1.8",
        "@radix-ui/react-slider": "^1.3.6",
        "@radix-ui/react-slot": "^1.2.4",
        "@radix-ui/react-switch": "^1.2.6",
        "@radix-ui/react-tabs": "^1.1.13",
        "@radix-ui/react-toast": "^1.2.7",
        "@radix-ui/react-toggle": "^1.1.10",
        "@radix-ui/react-toggle-group": "^1.1.11",
        "@radix-ui/react-tooltip": "^1.2.8",
        "@replit/vite-plugin-cartographer": "^0.5.1",
        "@replit/vite-plugin-runtime-error-modal": "^0.0.6",
        "@tailwindcss/vite": "^4.1.14",
        "@types/node": "^25.3.3",
        "@types/react": "^19.2.0",
        "@types/react-dom": "^19.2.0",
        "@vitejs/plugin-react": "^5.0.4",
        "chokidar": "^4.0.3",
        "class-variance-authority": "^0.7.1",
        "clsx": "^2.1.1",
        "cmdk": "^1.1.1",
        "date-fns": "^3.6.0",
        "embla-carousel-react": "^8.6.0",
        "fast-glob": "^3.3.3",
        "framer-motion": "^12.23.24",
        "input-otp": "^1.4.2",
        "lucide-react": "^0.545.0",
        "next-themes": "^0.4.6",
        "react": "19.1.0",
        "react-day-picker": "^9.11.1",
        "react-dom": "19.1.0",
        "react-hook-form": "^7.66.0",
        "react-resizable-panels": "^2.1.9",
        "recharts": "^2.15.4",
        "sonner": "^2.0.7",
        "tailwind-merge": "^3.3.1",
        "tailwindcss": "^4.1.14",
        "tailwindcss-animate": "^1.0.7",
        "tw-animate-css": "^1.4.0",
        "vaul": "^1.1.2",
        "vite": "^7.3.2",
        "zod": "^3.25.76"
      }
    },
    "artifacts/mockup-sandbox/node_modules/@hookform/resolvers": {
      "dev": true
    },
    "artifacts/mockup-sandbox/node_modules/@radix-ui/react-accordion": {
      "dev": true
    },
    "artifacts/mockup-sandbox/node_modules/@radix-ui/react-alert-dialog": {
      "dev": true
    },
    "artifacts/mockup-sandbox/node_modules/@radix-ui/react-aspect-ratio": {
      "dev": true
    },
    "artifacts/mockup-sandbox/node_modules/@radix-ui/react-avatar": {
      "dev": true
    },
    "artifacts/mockup-sandbox/node_modules/@radix-ui/react-checkbox": {
      "dev": true
    },
    "artifacts/mockup-sandbox/node_modules/@radix-ui/react-collapsible": {
      "dev": true
    },
    "artifacts/mockup-sandbox/node_modules/@radix-ui/react-context-menu": {
      "dev": true
    },
    "artifacts/mockup-sandbox/node_modules/@radix-ui/react-dialog": {
      "dev": true
    },
    "artifacts/mockup-sandbox/node_modules/@radix-ui/react-dropdown-menu": {
      "dev": true
    },
    "artifacts/mockup-sandbox/node_modules/@radix-ui/react-hover-card": {
      "dev": true
    },
    "artifacts/mockup-sandbox/node_modules/@radix-ui/react-label": {
      "dev": true
    },
    "artifacts/mockup-sandbox/node_modules/@radix-ui/react-menubar": {
      "dev": true
    },
    "artifacts/mockup-sandbox/node_modules/@radix-ui/react-navigation-menu": {
      "dev": true
    },
    "artifacts/mockup-sandbox/node_modules/@radix-ui/react-popover": {
      "dev": true
    },
    "artifacts/mockup-sandbox/node_modules/@radix-ui/react-progress": {
      "dev": true
    },
    "artifacts/mockup-sandbox/node_modules/@radix-ui/react-radio-group": {
      "dev": true
    },
    "artifacts/mockup-sandbox/node_modules/@radix-ui/react-scroll-area": {
      "dev": true
    },
    "artifacts/mockup-sandbox/node_modules/@radix-ui/react-select": {
      "dev": true
    },
    "artifacts/mockup-sandbox/node_modules/@radix-ui/react-separator": {
      "dev": true
    },
    "artifacts/mockup-sandbox/node_modules/@radix-ui/react-slider": {
      "dev": true
    },
    "artifacts/mockup-sandbox/node_modules/@radix-ui/react-slot": {
      "dev": true
    },
    "artifacts/mockup-sandbox/node_modules/@radix-ui/react-switch": {
      "dev": true
    },
    "artifacts/mockup-sandbox/node_modules/@radix-ui/react-tabs": {
      "dev": true
    },
    "artifacts/mockup-sandbox/node_modules/@radix-ui/react-toast": {
      "dev": true
    },
    "artifacts/mockup-sandbox/node_modules/@radix-ui/react-toggle": {
      "dev": true
    },
    "artifacts/mockup-sandbox/node_modules/@radix-ui/react-toggle-group": {
      "dev": true
    },
    "artifacts/mockup-sandbox/node_modules/@radix-ui/react-tooltip": {
      "dev": true
    },
    "artifacts/mockup-sandbox/node_modules/@replit/vite-plugin-cartographer": {
      "dev": true
    },
    "artifacts/mockup-sandbox/node_modules/@replit/vite-plugin-runtime-error-modal": {
      "dev": true
    },
    "artifacts/mockup-sandbox/node_modules/@tailwindcss/vite": {
      "dev": true
    },
    "artifacts/mockup-sandbox/node_modules/@types/node": {
      "dev": true
    },
    "artifacts/mockup-sandbox/node_modules/@types/react": {
      "dev": true
    },
    "artifacts/mockup-sandbox/node_modules/@types/react-dom": {
      "dev": true
    },
    "artifacts/mockup-sandbox/node_modules/@vitejs/plugin-react": {
      "dev": true
    },
    "artifacts/mockup-sandbox/node_modules/chokidar": {
      "version": "4.0.3",
      "resolved": "https://registry.npmjs.org/chokidar/-/chokidar-4.0.3.tgz",
      "integrity": "sha512-Qgzu8kfBvo+cA4962jnP1KkS6Dop5NS6g7R5LFYJr4b8Ub94PPQXUksCw9PvXoeXPRRddRNC5C1JQUR2SMGtnA==",
      "dev": true,
      "license": "MIT",
      "dependencies": {
        "readdirp": "^4.0.1"
      },
      "engines": {
        "node": ">= 14.16.0"
      },
      "funding": {
        "url": "https://paulmillr.com/funding/"
      }
    },
    "artifacts/mockup-sandbox/node_modules/class-variance-authority": {
      "dev": true
    },
    "artifacts/mockup-sandbox/node_modules/clsx": {
      "dev": true
    },
    "artifacts/mockup-sandbox/node_modules/cmdk": {
      "dev": true
    },
    "artifacts/mockup-sandbox/node_modules/date-fns": {
      "version": "3.6.0",
      "resolved": "https://registry.npmjs.org/date-fns/-/date-fns-3.6.0.tgz",
      "integrity": "sha512-fRHTG8g/Gif+kSh50gaGEdToemgfj74aRX3swtiouboip5JDLAyDE9F11nHMIcvOaXeOC6D7SpNhi7uFyB7Uww==",
      "dev": true,
      "license": "MIT",
      "funding": {
        "type": "github",
        "url": "https://github.com/sponsors/kossnocorp"
      }
    },
    "artifacts/mockup-sandbox/node_modules/embla-carousel-react": {
      "dev": true
    },
    "artifacts/mockup-sandbox/node_modules/fast-glob": {
      "dev": true
    },
    "artifacts/mockup-sandbox/node_modules/framer-motion": {
      "dev": true
    },
    "artifacts/mockup-sandbox/node_modules/input-otp": {
      "dev": true
    },
    "artifacts/mockup-sandbox/node_modules/lucide-react": {
      "dev": true
    },
    "artifacts/mockup-sandbox/node_modules/next-themes": {
      "dev": true
    },
    "artifacts/mockup-sandbox/node_modules/react": {
      "dev": true
    },
    "artifacts/mockup-sandbox/node_modules/react-day-picker": {
      "dev": true
    },
    "artifacts/mockup-sandbox/node_modules/react-dom": {
      "dev": true
    },
    "artifacts/mockup-sandbox/node_modules/react-hook-form": {
      "dev": true
    },
    "artifacts/mockup-sandbox/node_modules/react-resizable-panels": {
      "dev": true
    },
    "artifacts/mockup-sandbox/node_modules/readdirp": {
      "version": "4.1.2",
      "resolved": "https://registry.npmjs.org/readdirp/-/readdirp-4.1.2.tgz",
      "integrity": "sha512-GDhwkLfywWL2s6vEjyhri+eXmfH6j1L7JE27WhqLeYzoh/A3DBaYGEj2H/HFZCn/kMfim73FXxEJTw06WtxQwg==",
      "dev": true,
      "license": "MIT",
      "engines": {
        "node": ">= 14.18.0"
      },
      "funding": {
        "type": "individual",
        "url": "https://paulmillr.com/funding/"
      }
    },
    "artifacts/mockup-sandbox/node_modules/recharts": {
      "dev": true
    },
    "artifacts/mockup-sandbox/node_modules/sonner": {
      "dev": true
    },
    "artifacts/mockup-sandbox/node_modules/tailwind-merge": {
      "dev": true
    },
    "artifacts/mockup-sandbox/node_modules/tailwindcss": {
      "dev": true
    },
    "artifacts/mockup-sandbox/node_modules/tailwindcss-animate": {
      "dev": true
    },
    "artifacts/mockup-sandbox/node_modules/tw-animate-css": {
      "dev": true
    },
    "artifacts/mockup-sandbox/node_modules/vaul": {
      "dev": true
    },
    "artifacts/mockup-sandbox/node_modules/vite": {
      "dev": true
    },
    "artifacts/mockup-sandbox/node_modules/zod": {
      "dev": true
    },
    "artifacts/skalena": {
      "name": "@workspace/skalena",
      "version": "0.0.0",
      "devDependencies": {
        "@hookform/resolvers": "^3.10.0",
        "@radix-ui/react-accordion": "^1.2.4",
        "@radix-ui/react-alert-dialog": "^1.1.7",
        "@radix-ui/react-aspect-ratio": "^1.1.3",
        "@radix-ui/react-avatar": "^1.1.4",
        "@radix-ui/react-checkbox": "^1.1.5",
        "@radix-ui/react-collapsible": "^1.1.4",
        "@radix-ui/react-context-menu": "^2.2.7",
        "@radix-ui/react-dialog": "^1.1.7",
        "@radix-ui/react-dropdown-menu": "^2.1.7",
        "@radix-ui/react-hover-card": "^1.1.7",
        "@radix-ui/react-label": "^2.1.3",
        "@radix-ui/react-menubar": "^1.1.7",
        "@radix-ui/react-navigation-menu": "^1.2.6",
        "@radix-ui/react-popover": "^1.1.7",
        "@radix-ui/react-progress": "^1.1.3",
        "@radix-ui/react-radio-group": "^1.2.4",
        "@radix-ui/react-scroll-area": "^1.2.4",
        "@radix-ui/react-select": "^2.1.7",
        "@radix-ui/react-separator": "^1.1.3",
        "@radix-ui/react-slider": "^1.2.4",
        "@radix-ui/react-slot": "^1.2.0",
        "@radix-ui/react-switch": "^1.1.4",
        "@radix-ui/react-tabs": "^1.1.4",
        "@radix-ui/react-toast": "^1.2.7",
        "@radix-ui/react-toggle": "^1.1.3",
        "@radix-ui/react-toggle-group": "^1.1.3",
        "@radix-ui/react-tooltip": "^1.2.0",
        "@replit/vite-plugin-cartographer": "^0.5.1",
        "@replit/vite-plugin-dev-banner": "^0.1.1",
        "@replit/vite-plugin-runtime-error-modal": "^0.0.6",
        "@tailwindcss/typography": "^0.5.15",
        "@tailwindcss/vite": "^4.1.14",
        "@tanstack/react-query": "^5.90.21",
        "@types/node": "^25.3.3",
        "@types/react": "^19.2.0",
        "@types/react-dom": "^19.2.0",
        "@vercel/analytics": "^2.0.1",
        "@vitejs/plugin-react": "^5.0.4",
        "@workspace/api-client-react": "*",
        "class-variance-authority": "^0.7.1",
        "clsx": "^2.1.1",
        "cmdk": "^1.1.1",
        "date-fns": "^3.6.0",
        "embla-carousel-react": "^8.6.0",
        "framer-motion": "^12.23.24",
        "input-otp": "^1.4.2",
        "lucide-react": "^0.545.0",
        "next-themes": "^0.4.6",
        "react": "19.1.0",
        "react-day-picker": "^9.11.1",
        "react-dom": "19.1.0",
        "react-hook-form": "^7.55.0",
        "react-icons": "^5.4.0",
        "react-resizable-panels": "^2.1.7",
        "recharts": "^2.15.2",
        "sonner": "^2.0.7",
        "tailwind-merge": "^3.3.1",
        "tailwindcss": "^4.1.14",
        "tw-animate-css": "^1.4.0",
        "vaul": "^1.1.2",
        "vite": "^7.3.2",
        "wouter": "^3.3.5",
        "zod": "^3.25.76"
      }
    },
    "artifacts/skalena/node_modules/@hookform/resolvers": {
      "dev": true
    },
    "artifacts/skalena/node_modules/@radix-ui/react-accordion": {
      "dev": true
    },
    "artifacts/skalena/node_modules/@radix-ui/react-alert-dialog": {
      "dev": true
    },
    "artifacts/skalena/node_modules/@radix-ui/react-aspect-ratio": {
      "dev": true
    },
    "artifacts/skalena/node_modules/@radix-ui/react-avatar": {
      "dev": true
    },
    "artifacts/skalena/node_modules/@radix-ui/react-checkbox": {
      "dev": true
    },
    "artifacts/skalena/node_modules/@radix-ui/react-collapsible": {
      "dev": true
    },
    "artifacts/skalena/node_modules/@radix-ui/react-context-menu": {
      "dev": true
    },
    "artifacts/skalena/node_modules/@radix-ui/react-dialog": {
      "dev": true
    },
    "artifacts/skalena/node_modules/@radix-ui/react-dropdown-menu": {
      "dev": true
    },
    "artifacts/skalena/node_modules/@radix-ui/react-hover-card": {
      "dev": true
    },
    "artifacts/skalena/node_modules/@radix-ui/react-label": {
      "dev": true
    },
    "artifacts/skalena/node_modules/@radix-ui/react-menubar": {
      "dev": true
    },
    "artifacts/skalena/node_modules/@radix-ui/react-navigation-menu": {
      "dev": true
    },
    "artifacts/skalena/node_modules/@radix-ui/react-popover": {
      "dev": true
    },
    "artifacts/skalena/node_modules/@radix-ui/react-progress": {
      "dev": true
    },
    "artifacts/skalena/node_modules/@radix-ui/react-radio-group": {
      "dev": true
    },
    "artifacts/skalena/node_modules/@radix-ui/react-scroll-area": {
      "dev": true
    },
    "artifacts/skalena/node_modules/@radix-ui/react-select": {
      "dev": true
    },
    "artifacts/skalena/node_modules/@radix-ui/react-separator": {
      "dev": true
    },
    "artifacts/skalena/node_modules/@radix-ui/react-slider": {
      "dev": true
    },
    "artifacts/skalena/node_modules/@radix-ui/react-slot": {
      "dev": true
    },
    "artifacts/skalena/node_modules/@radix-ui/react-switch": {
      "dev": true
    },
    "artifacts/skalena/node_modules/@radix-ui/react-tabs": {
      "dev": true
    },
    "artifacts/skalena/node_modules/@radix-ui/react-toast": {
      "dev": true
    },
    "artifacts/skalena/node_modules/@radix-ui/react-toggle": {
      "dev": true
    },
    "artifacts/skalena/node_modules/@radix-ui/react-toggle-group": {
      "dev": true
    },
    "artifacts/skalena/node_modules/@radix-ui/react-tooltip": {
      "dev": true
    },
    "artifacts/skalena/node_modules/@replit/vite-plugin-cartographer": {
      "dev": true
    },
    "artifacts/skalena/node_modules/@replit/vite-plugin-dev-banner": {
      "dev": true
    },
    "artifacts/skalena/node_modules/@replit/vite-plugin-runtime-error-modal": {
      "dev": true
    },
    "artifacts/skalena/node_modules/@tailwindcss/typography": {
      "dev": true
    },
    "artifacts/skalena/node_modules/@tailwindcss/vite": {
      "dev": true
    },
    "artifacts/skalena/node_modules/@tanstack/react-query": {
      "dev": true
    },
    "artifacts/skalena/node_modules/@types/node": {
      "dev": true
    },
    "artifacts/skalena/node_modules/@types/react": {
      "dev": true
    },
    "artifacts/skalena/node_modules/@types/react-dom": {
      "dev": true
    },
    "artifacts/skalena/node_modules/@vercel/analytics": {
      "dev": true
    },
    "artifacts/skalena/node_modules/@vitejs/plugin-react": {
      "dev": true
    },
    "artifacts/skalena/node_modules/class-variance-authority": {
      "dev": true
    },
    "artifacts/skalena/node_modules/clsx": {
      "dev": true
    },
    "artifacts/skalena/node_modules/cmdk": {
      "dev": true
    },
    "artifacts/skalena/node_modules/date-fns": {
      "version": "3.6.0",
      "resolved": "https://registry.npmjs.org/date-fns/-/date-fns-3.6.0.tgz",
      "integrity": "sha512-fRHTG8g/Gif+kSh50gaGEdToemgfj74aRX3swtiouboip5JDLAyDE9F11nHMIcvOaXeOC6D7SpNhi7uFyB7Uww==",
      "dev": true,
      "license": "MIT",
      "funding": {
        "type": "github",
        "url": "https://github.com/sponsors/kossnocorp"
      }
    },
    "artifacts/skalena/node_modules/embla-carousel-react": {
      "dev": true
    },
    "artifacts/skalena/node_modules/framer-motion": {
      "dev": true
    },
    "artifacts/skalena/node_modules/input-otp": {
      "dev": true
    },
    "artifacts/skalena/node_modules/lucide-react": {
      "dev": true
    },
    "artifacts/skalena/node_modules/next-themes": {
      "dev": true
    },
    "artifacts/skalena/node_modules/react": {
      "dev": true
    },
    "artifacts/skalena/node_modules/react-day-picker": {
      "dev": true
    },
    "artifacts/skalena/node_modules/react-dom": {
      "dev": true
    },
    "artifacts/skalena/node_modules/react-hook-form": {
      "dev": true
    },
    "artifacts/skalena/node_modules/react-icons": {
      "dev": true
    },
    "artifacts/skalena/node_modules/react-resizable-panels": {
      "dev": true
    },
    "artifacts/skalena/node_modules/recharts": {
      "dev": true
    },
    "artifacts/skalena/node_modules/sonner": {
      "dev": true
    },
    "artifacts/skalena/node_modules/tailwind-merge": {
      "dev": true
    },
    "artifacts/skalena/node_modules/tailwindcss": {
      "dev": true
    },
    "artifacts/skalena/node_modules/tw-animate-css": {
      "dev": true
    },
    "artifacts/skalena/node_modules/vaul": {
      "dev": true
    },
    "artifacts/skalena/node_modules/vite": {
      "dev": true
    },
    "artifacts/skalena/node_modules/wouter": {
      "dev": true
    },
    "artifacts/skalena/node_modules/zod": {
      "dev": true
    },
    "lib/api-client-react": {
      "name": "@workspace/api-client-react",
      "version": "0.0.0",
      "dependencies": {
        "@tanstack/react-query": "^5.90.21"
      },
      "peerDependencies": {
        "react": ">=18"
      }
    },
    "lib/api-client-react/node_modules/@tanstack/react-query": {},
    "lib/api-spec": {
      "name": "@workspace/api-spec",
      "version": "0.0.0",
      "devDependencies": {
        "orval": "^8.5.2"
      }
    },
    "lib/api-spec/node_modules/orval": {
      "dev": true
    },
    "lib/api-zod": {
      "name": "@workspace/api-zod",
      "version": "0.0.0",
      "dependencies": {
        "zod": "^3.25.76"
      }
    },
    "lib/api-zod/node_modules/zod": {},
    "lib/db": {
      "name": "@workspace/db",
      "version": "0.0.0",
      "dependencies": {
        "drizzle-orm": "^0.45.2",
        "drizzle-zod": "^0.8.3",
        "pg": "^8.20.0",
        "zod": "^3.25.76"
      },
      "devDependencies": {
        "@types/node": "^25.3.3",
        "@types/pg": "^8.18.0",
        "drizzle-kit": "^0.31.9"
      }
    },
    "lib/db/node_modules/@types/node": {
      "dev": true
    },
    "lib/db/node_modules/@types/pg": {
      "dev": true
    },
    "lib/db/node_modules/drizzle-kit": {
      "dev": true
    },
    "lib/db/node_modules/drizzle-orm": {},
    "lib/db/node_modules/drizzle-zod": {},
    "lib/db/node_modules/pg": {},
    "lib/db/node_modules/zod": {},
    "node_modules/@workspace/api-client-react": {
      "resolved": "lib/api-client-react",
      "link": true
    },
    "node_modules/@workspace/api-spec": {
      "resolved": "lib/api-spec",
      "link": true
    },
    "node_modules/@workspace/api-zod": {
      "resolved": "lib/api-zod",
      "link": true
    },
    "node_modules/@workspace/db": {
      "resolved": "lib/db",
      "link": true
    },
    "node_modules/@workspace/mockup-sandbox": {
      "resolved": "artifacts/mockup-sandbox",
      "link": true
    },
    "node_modules/@workspace/scripts": {
      "resolved": "scripts",
      "link": true
    },
    "node_modules/@workspace/skalena": {
      "resolved": "artifacts/skalena",
      "link": true
    },
    "node_modules/prettier": {
      "version": "3.8.3",
      "resolved": "https://registry.npmjs.org/prettier/-/prettier-3.8.3.tgz",
      "integrity": "sha512-7igPTM53cGHMW8xWuVTydi2KO233VFiTNyF5hLJqpilHfmn8C8gPf+PS7dUT64YcXFbiMGZxS9pCSxL/Dxm/Jw==",
      "dev": true,
      "license": "MIT",
      "bin": {
        "prettier": "bin/prettier.cjs"
      },
      "engines": {
        "node": ">=14"
      },
      "funding": {
        "url": "https://github.com/prettier/prettier?sponsor=1"
      }
    },
    "node_modules/react": {
      "version": "19.1.0",
      "resolved": "https://registry.npmjs.org/react/-/react-19.1.0.tgz",
      "integrity": "sha512-FS+XFBNvn3GTAWq26joslQgWNoFu08F4kl0J4CgdNKADkdSGXQyTCnKteIAJy96Br6YbpEU1LSzV5dYtjMkMDg==",
      "license": "MIT",
      "peer": true,
      "engines": {
        "node": ">=0.10.0"
      }
    },
    "node_modules/typescript": {
      "version": "5.9.3",
      "resolved": "https://registry.npmjs.org/typescript/-/typescript-5.9.3.tgz",
      "integrity": "sha512-jl1vZzPDinLr9eUt3J/t7V6FgNEw9QjvBPdysz9KfQDD41fQrC2Y4vKQdiaUpFT4bXlb1RHhLpp8wtm6M5TgSw==",
      "dev": true,
      "license": "Apache-2.0",
      "bin": {
        "tsc": "bin/tsc",
        "tsserver": "bin/tsserver"
      },
      "engines": {
        "node": ">=14.17"
      }
    },
    "scripts": {
      "name": "@workspace/scripts",
      "version": "0.0.0",
      "devDependencies": {
        "@types/node": "^25.3.3",
        "tsx": "^4.21.0"
      }
    },
    "scripts/node_modules/@types/node": {
      "dev": true
    },
    "scripts/node_modules/tsx": {
      "dev": true
    }
  }
}
